// !$*UTF8*$!
{
	archiveVersion = 1;
	classes = {
	};
	objectVersion = 56;
	objects = {

/* Begin PBXBuildFile section */
		F103876F2B4D5DA200B2E807 /* DateUtils.swift in Sources */ = {isa = PBXBuildFile; fileRef = F1BCEE422B4D52110020D3FF /* DateUtils.swift */; };
		F118B2BA2B68DFF6001D1915 /* Liturgy.swift in Sources */ = {isa = PBXBuildFile; fileRef = F118B2B92B68DFF6001D1915 /* Liturgy.swift */; };
		F118B2BB2B68DFF6001D1915 /* Liturgy.swift in Sources */ = {isa = PBXBuildFile; fileRef = F118B2B92B68DFF6001D1915 /* Liturgy.swift */; };
		F118B2BC2B68DFF6001D1915 /* Liturgy.swift in Sources */ = {isa = PBXBuildFile; fileRef = F118B2B92B68DFF6001D1915 /* Liturgy.swift */; };
		F118B2BD2B68DFF6001D1915 /* Liturgy.swift in Sources */ = {isa = PBXBuildFile; fileRef = F118B2B92B68DFF6001D1915 /* Liturgy.swift */; };
		F118B2BF2B68E125001D1915 /* Lectures.swift in Sources */ = {isa = PBXBuildFile; fileRef = F118B2BE2B68E125001D1915 /* Lectures.swift */; };
		F118B2C02B68E125001D1915 /* Lectures.swift in Sources */ = {isa = PBXBuildFile; fileRef = F118B2BE2B68E125001D1915 /* Lectures.swift */; };
		F118B2C12B68E125001D1915 /* Lectures.swift in Sources */ = {isa = PBXBuildFile; fileRef = F118B2BE2B68E125001D1915 /* Lectures.swift */; };
		F118B2C22B68E125001D1915 /* Lectures.swift in Sources */ = {isa = PBXBuildFile; fileRef = F118B2BE2B68E125001D1915 /* Lectures.swift */; };
		F118B2C52B68E340001D1915 /* LecturesViewModel.swift in Sources */ = {isa = PBXBuildFile; fileRef = F118B2C42B68E340001D1915 /* LecturesViewModel.swift */; };
		F118B2C82B68E6F2001D1915 /* DayLoadingError.swift in Sources */ = {isa = PBXBuildFile; fileRef = F118B2C72B68E6F2001D1915 /* DayLoadingError.swift */; };
		F118B2C92B68E6F7001D1915 /* DayLoadingError.swift in Sources */ = {isa = PBXBuildFile; fileRef = F118B2C72B68E6F2001D1915 /* DayLoadingError.swift */; };
		F118B2CA2B68E6F7001D1915 /* DayLoadingError.swift in Sources */ = {isa = PBXBuildFile; fileRef = F118B2C72B68E6F2001D1915 /* DayLoadingError.swift */; };
		F118B2CB2B68E6F7001D1915 /* DayLoadingError.swift in Sources */ = {isa = PBXBuildFile; fileRef = F118B2C72B68E6F2001D1915 /* DayLoadingError.swift */; };
		F118B2CE2B68EE5E001D1915 /* HomeView.swift in Sources */ = {isa = PBXBuildFile; fileRef = F118B2CD2B68EE5E001D1915 /* HomeView.swift */; };
		F118B2D02B68EFA8001D1915 /* LiturgyView.swift in Sources */ = {isa = PBXBuildFile; fileRef = F118B2CF2B68EFA8001D1915 /* LiturgyView.swift */; };
		F118B2D32B68FE82001D1915 /* CustomTabView.swift in Sources */ = {isa = PBXBuildFile; fileRef = F118B2D22B68FE82001D1915 /* CustomTabView.swift */; };
		F120D1652B5013200009F5BB /* WidgetKit.framework in Frameworks */ = {isa = PBXBuildFile; fileRef = F1654EAD2B4D4B6B002964BE /* WidgetKit.framework */; };
		F120D1662B5013200009F5BB /* SwiftUI.framework in Frameworks */ = {isa = PBXBuildFile; fileRef = F1654EAF2B4D4B6B002964BE /* SwiftUI.framework */; };
		F120D1692B5013200009F5BB /* MszalWidgetBundle.swift in Sources */ = {isa = PBXBuildFile; fileRef = F120D1682B5013200009F5BB /* MszalWidgetBundle.swift */; };
		F120D16B2B5013200009F5BB /* MszalWidget.swift in Sources */ = {isa = PBXBuildFile; fileRef = F120D16A2B5013200009F5BB /* MszalWidget.swift */; };
		F120D16D2B5013220009F5BB /* Assets.xcassets in Resources */ = {isa = PBXBuildFile; fileRef = F120D16C2B5013220009F5BB /* Assets.xcassets */; };
		F120D1712B5013220009F5BB /* MszalWidgetExtension.appex in Embed Foundation Extensions */ = {isa = PBXBuildFile; fileRef = F120D1642B5013200009F5BB /* MszalWidgetExtension.appex */; settings = {ATTRIBUTES = (RemoveHeadersOnCopy, ); }; };
		F120D1752B50132B0009F5BB /* ApiConnector.swift in Sources */ = {isa = PBXBuildFile; fileRef = F1D6A0A12B4DEB95009418F1 /* ApiConnector.swift */; };
		F120D1782B50137E0009F5BB /* Provider.swift in Sources */ = {isa = PBXBuildFile; fileRef = F120D1772B50137E0009F5BB /* Provider.swift */; };
		F120D17B2B5016570009F5BB /* DateUtils.swift in Sources */ = {isa = PBXBuildFile; fileRef = F1BCEE422B4D52110020D3FF /* DateUtils.swift */; };
		F120D17C2B501BA30009F5BB /* NiedzielaScraper.swift in Sources */ = {isa = PBXBuildFile; fileRef = F1654EC42B4D4BDE002964BE /* NiedzielaScraper.swift */; };
		F120D1802B501C1B0009F5BB /* SwiftSoup in Frameworks */ = {isa = PBXBuildFile; productRef = F120D17F2B501C1B0009F5BB /* SwiftSoup */; };
		F127CE632B65DA52009A9D84 /* NotificationManager.swift in Sources */ = {isa = PBXBuildFile; fileRef = F127CE622B65DA52009A9D84 /* NotificationManager.swift */; };
		F13E0ED22B608167004797D6 /* ColorUtils.swift in Sources */ = {isa = PBXBuildFile; fileRef = F13E0ED12B608167004797D6 /* ColorUtils.swift */; };
		F13E0ED42B60816A004797D6 /* ColorUtils.swift in Sources */ = {isa = PBXBuildFile; fileRef = F13E0ED12B608167004797D6 /* ColorUtils.swift */; };
		F13E0ED52B60816B004797D6 /* ColorUtils.swift in Sources */ = {isa = PBXBuildFile; fileRef = F13E0ED12B608167004797D6 /* ColorUtils.swift */; };
		F13E0ED62B60816D004797D6 /* ColorUtils.swift in Sources */ = {isa = PBXBuildFile; fileRef = F13E0ED12B608167004797D6 /* ColorUtils.swift */; };
		F15DE1912B658ADA003CD8B2 /* SplashScreenView.swift in Sources */ = {isa = PBXBuildFile; fileRef = F15DE1902B658ADA003CD8B2 /* SplashScreenView.swift */; };
		F1654E9A2B4D4AF0002964BE /* LiturgnikApp.swift in Sources */ = {isa = PBXBuildFile; fileRef = F1654E992B4D4AF0002964BE /* LiturgnikApp.swift */; };
		F1654E9C2B4D4AF0002964BE /* ContentView.swift in Sources */ = {isa = PBXBuildFile; fileRef = F1654E9B2B4D4AF0002964BE /* ContentView.swift */; };
		F1654E9E2B4D4AF1002964BE /* Assets.xcassets in Resources */ = {isa = PBXBuildFile; fileRef = F1654E9D2B4D4AF1002964BE /* Assets.xcassets */; };
		F1654EA12B4D4AF1002964BE /* Preview Assets.xcassets in Resources */ = {isa = PBXBuildFile; fileRef = F1654EA02B4D4AF1002964BE /* Preview Assets.xcassets */; };
		F1654EAE2B4D4B6B002964BE /* WidgetKit.framework in Frameworks */ = {isa = PBXBuildFile; fileRef = F1654EAD2B4D4B6B002964BE /* WidgetKit.framework */; };
		F1654EB02B4D4B6B002964BE /* SwiftUI.framework in Frameworks */ = {isa = PBXBuildFile; fileRef = F1654EAF2B4D4B6B002964BE /* SwiftUI.framework */; };
		F1654EB32B4D4B6B002964BE /* ColorWidgetBundle.swift in Sources */ = {isa = PBXBuildFile; fileRef = F1654EB22B4D4B6B002964BE /* ColorWidgetBundle.swift */; };
		F1654EB72B4D4B6F002964BE /* Assets.xcassets in Resources */ = {isa = PBXBuildFile; fileRef = F1654EB62B4D4B6F002964BE /* Assets.xcassets */; };
		F1654EBB2B4D4B6F002964BE /* ColorWidgetExtension.appex in Embed Foundation Extensions */ = {isa = PBXBuildFile; fileRef = F1654EAB2B4D4B6B002964BE /* ColorWidgetExtension.appex */; settings = {ATTRIBUTES = (RemoveHeadersOnCopy, ); }; };
		F1654EC52B4D4BDE002964BE /* NiedzielaScraper.swift in Sources */ = {isa = PBXBuildFile; fileRef = F1654EC42B4D4BDE002964BE /* NiedzielaScraper.swift */; };
		F1654EC62B4D4BDF002964BE /* NiedzielaScraper.swift in Sources */ = {isa = PBXBuildFile; fileRef = F1654EC42B4D4BDE002964BE /* NiedzielaScraper.swift */; };
		F1654EC92B4D4BF8002964BE /* SwiftSoup in Frameworks */ = {isa = PBXBuildFile; productRef = F1654EC82B4D4BF8002964BE /* SwiftSoup */; };
		F172CF862B6EC93300569D0C /* LiturgnikWatch Watch App.app in Embed Watch Content */ = {isa = PBXBuildFile; fileRef = F172CF852B6EC93300569D0C /* LiturgnikWatch Watch App.app */; settings = {ATTRIBUTES = (RemoveHeadersOnCopy, ); }; };
		F172CF8B2B6EC93300569D0C /* LiturgnikWatchApp.swift in Sources */ = {isa = PBXBuildFile; fileRef = F172CF8A2B6EC93300569D0C /* LiturgnikWatchApp.swift */; };
		F172CF8D2B6EC93300569D0C /* ContentView.swift in Sources */ = {isa = PBXBuildFile; fileRef = F172CF8C2B6EC93300569D0C /* ContentView.swift */; };
		F172CF8F2B6EC93500569D0C /* Assets.xcassets in Resources */ = {isa = PBXBuildFile; fileRef = F172CF8E2B6EC93500569D0C /* Assets.xcassets */; };
		F172CF922B6EC93500569D0C /* Preview Assets.xcassets in Resources */ = {isa = PBXBuildFile; fileRef = F172CF912B6EC93500569D0C /* Preview Assets.xcassets */; };
		F172CF952B6EC93500569D0C /* LiturgnikWatch.app in Resources */ = {isa = PBXBuildFile; fileRef = F172CF802B6EC93300569D0C /* LiturgnikWatch.app */; };
		F172CF9E2B6EC99100569D0C /* DateUtils.swift in Sources */ = {isa = PBXBuildFile; fileRef = F1BCEE422B4D52110020D3FF /* DateUtils.swift */; };
		F172CF9F2B6EC99500569D0C /* ColorUtils.swift in Sources */ = {isa = PBXBuildFile; fileRef = F13E0ED12B608167004797D6 /* ColorUtils.swift */; };
		F172CFA02B6EC99900569D0C /* Liturgy.swift in Sources */ = {isa = PBXBuildFile; fileRef = F118B2B92B68DFF6001D1915 /* Liturgy.swift */; };
		F172CFA12B6EC99B00569D0C /* Lectures.swift in Sources */ = {isa = PBXBuildFile; fileRef = F118B2BE2B68E125001D1915 /* Lectures.swift */; };
		F172CFA22B6EC9A100569D0C /* DayLoadingError.swift in Sources */ = {isa = PBXBuildFile; fileRef = F118B2C72B68E6F2001D1915 /* DayLoadingError.swift */; };
		F172CFA42B6EC9AC00569D0C /* ApiConnector.swift in Sources */ = {isa = PBXBuildFile; fileRef = F1D6A0A12B4DEB95009418F1 /* ApiConnector.swift */; };
		F172CFA52B6EC9B000569D0C /* NiedzielaScraper.swift in Sources */ = {isa = PBXBuildFile; fileRef = F1654EC42B4D4BDE002964BE /* NiedzielaScraper.swift */; };
		F172CFA62B6EC9B200569D0C /* NotificationManager.swift in Sources */ = {isa = PBXBuildFile; fileRef = F127CE622B65DA52009A9D84 /* NotificationManager.swift */; };
		F172CFA82B6EC9CF00569D0C /* SwiftSoup in Frameworks */ = {isa = PBXBuildFile; productRef = F172CFA72B6EC9CF00569D0C /* SwiftSoup */; };
		F172CFAA2B6EC9E500569D0C /* SwiftUI.framework in Frameworks */ = {isa = PBXBuildFile; fileRef = F172CFA92B6EC9E500569D0C /* SwiftUI.framework */; };
		F172CFAB2B6ECBCF00569D0C /* LecturesViewModel.swift in Sources */ = {isa = PBXBuildFile; fileRef = F118B2C42B68E340001D1915 /* LecturesViewModel.swift */; };
		F1BCEE392B4D51AB0020D3FF /* SwiftSoup in Frameworks */ = {isa = PBXBuildFile; productRef = F1BCEE382B4D51AA0020D3FF /* SwiftSoup */; };
		F1BCEE3B2B4D51D70020D3FF /* Provider.swift in Sources */ = {isa = PBXBuildFile; fileRef = F1BCEE3A2B4D51D70020D3FF /* Provider.swift */; };
		F1BCEE3D2B4D51E60020D3FF /* ColorWidget.swift in Sources */ = {isa = PBXBuildFile; fileRef = F1BCEE3C2B4D51E60020D3FF /* ColorWidget.swift */; };
		F1BCEE432B4D52110020D3FF /* DateUtils.swift in Sources */ = {isa = PBXBuildFile; fileRef = F1BCEE422B4D52110020D3FF /* DateUtils.swift */; };
		F1BCEE442B4D52110020D3FF /* DateUtils.swift in Sources */ = {isa = PBXBuildFile; fileRef = F1BCEE422B4D52110020D3FF /* DateUtils.swift */; };
		F1BCEE4A2B4D55540020D3FF /* WidgetKit.framework in Frameworks */ = {isa = PBXBuildFile; fileRef = F1654EAD2B4D4B6B002964BE /* WidgetKit.framework */; };
		F1BCEE4B2B4D55540020D3FF /* SwiftUI.framework in Frameworks */ = {isa = PBXBuildFile; fileRef = F1654EAF2B4D4B6B002964BE /* SwiftUI.framework */; };
		F1BCEE4E2B4D55540020D3FF /* LecturesWidgetBundle.swift in Sources */ = {isa = PBXBuildFile; fileRef = F1BCEE4D2B4D55540020D3FF /* LecturesWidgetBundle.swift */; };
		F1BCEE502B4D55540020D3FF /* LecturesWidget.swift in Sources */ = {isa = PBXBuildFile; fileRef = F1BCEE4F2B4D55540020D3FF /* LecturesWidget.swift */; };
		F1BCEE522B4D55560020D3FF /* Assets.xcassets in Resources */ = {isa = PBXBuildFile; fileRef = F1BCEE512B4D55560020D3FF /* Assets.xcassets */; };
		F1BCEE562B4D55560020D3FF /* LecturesWidgetExtension.appex in Embed Foundation Extensions */ = {isa = PBXBuildFile; fileRef = F1BCEE492B4D55540020D3FF /* LecturesWidgetExtension.appex */; settings = {ATTRIBUTES = (RemoveHeadersOnCopy, ); }; };
		F1BCEE5A2B4D555E0020D3FF /* NiedzielaScraper.swift in Sources */ = {isa = PBXBuildFile; fileRef = F1654EC42B4D4BDE002964BE /* NiedzielaScraper.swift */; };
		F1BCEE5E2B4D557F0020D3FF /* Provider.swift in Sources */ = {isa = PBXBuildFile; fileRef = F1BCEE5D2B4D557F0020D3FF /* Provider.swift */; };
		F1BCEE602B4D560B0020D3FF /* SwiftSoup in Frameworks */ = {isa = PBXBuildFile; productRef = F1BCEE5F2B4D560B0020D3FF /* SwiftSoup */; };
		F1D6A0A22B4DEB95009418F1 /* ApiConnector.swift in Sources */ = {isa = PBXBuildFile; fileRef = F1D6A0A12B4DEB95009418F1 /* ApiConnector.swift */; };
		F1D6A0A32B4DEB95009418F1 /* ApiConnector.swift in Sources */ = {isa = PBXBuildFile; fileRef = F1D6A0A12B4DEB95009418F1 /* ApiConnector.swift */; };
		F1D6A0A42B4DEB95009418F1 /* ApiConnector.swift in Sources */ = {isa = PBXBuildFile; fileRef = F1D6A0A12B4DEB95009418F1 /* ApiConnector.swift */; };
		F1D6A0A72B4DEC19009418F1 /* Data.json in Resources */ = {isa = PBXBuildFile; fileRef = F1D6A0A62B4DEC19009418F1 /* Data.json */; };
		F1D6A0A82B4DEC19009418F1 /* Data.json in Resources */ = {isa = PBXBuildFile; fileRef = F1D6A0A62B4DEC19009418F1 /* Data.json */; };
		F1D6A0A92B4DEC19009418F1 /* Data.json in Resources */ = {isa = PBXBuildFile; fileRef = F1D6A0A62B4DEC19009418F1 /* Data.json */; };
		F1EE13242B6C1990008B0611 /* SettingsView.swift in Sources */ = {isa = PBXBuildFile; fileRef = F1EE13232B6C1990008B0611 /* SettingsView.swift */; };
		F1EE13262B6C563A008B0611 /* SettingsViewModel.swift in Sources */ = {isa = PBXBuildFile; fileRef = F1EE13252B6C563A008B0611 /* SettingsViewModel.swift */; };
/* End PBXBuildFile section */

/* Begin PBXContainerItemProxy section */
		F120D16F2B5013220009F5BB /* PBXContainerItemProxy */ = {
			isa = PBXContainerItemProxy;
			containerPortal = F1654E8E2B4D4AF0002964BE /* Project object */;
			proxyType = 1;
			remoteGlobalIDString = F120D1632B5013200009F5BB;
			remoteInfo = MszalWidgetExtension;
		};
		F1654EB92B4D4B6F002964BE /* PBXContainerItemProxy */ = {
			isa = PBXContainerItemProxy;
			containerPortal = F1654E8E2B4D4AF0002964BE /* Project object */;
			proxyType = 1;
			remoteGlobalIDString = F1654EAA2B4D4B6A002964BE;
			remoteInfo = ColorWidgetExtension;
		};
		F172CF872B6EC93300569D0C /* PBXContainerItemProxy */ = {
			isa = PBXContainerItemProxy;
			containerPortal = F1654E8E2B4D4AF0002964BE /* Project object */;
			proxyType = 1;
			remoteGlobalIDString = F172CF842B6EC93300569D0C;
			remoteInfo = "LiturgnikWatch Watch App";
		};
		F172CF932B6EC93500569D0C /* PBXContainerItemProxy */ = {
			isa = PBXContainerItemProxy;
			containerPortal = F1654E8E2B4D4AF0002964BE /* Project object */;
			proxyType = 1;
			remoteGlobalIDString = F172CF7F2B6EC93200569D0C;
			remoteInfo = LiturgnikWatch;
		};
		F1BCEE542B4D55560020D3FF /* PBXContainerItemProxy */ = {
			isa = PBXContainerItemProxy;
			containerPortal = F1654E8E2B4D4AF0002964BE /* Project object */;
			proxyType = 1;
			remoteGlobalIDString = F1BCEE482B4D55540020D3FF;
			remoteInfo = LecturesWidgetExtension;
		};
/* End PBXContainerItemProxy section */

/* Begin PBXCopyFilesBuildPhase section */
		F1654EBF2B4D4B6F002964BE /* Embed Foundation Extensions */ = {
			isa = PBXCopyFilesBuildPhase;
			buildActionMask = 2147483647;
			dstPath = "";
			dstSubfolderSpec = 13;
			files = (
				F1654EBB2B4D4B6F002964BE /* ColorWidgetExtension.appex in Embed Foundation Extensions */,
				F120D1712B5013220009F5BB /* MszalWidgetExtension.appex in Embed Foundation Extensions */,
				F1BCEE562B4D55560020D3FF /* LecturesWidgetExtension.appex in Embed Foundation Extensions */,
			);
			name = "Embed Foundation Extensions";
			runOnlyForDeploymentPostprocessing = 0;
		};
		F172CF982B6EC93500569D0C /* Embed Watch Content */ = {
			isa = PBXCopyFilesBuildPhase;
			buildActionMask = 2147483647;
			dstPath = "$(CONTENTS_FOLDER_PATH)/Watch";
			dstSubfolderSpec = 16;
			files = (
				F172CF862B6EC93300569D0C /* LiturgnikWatch Watch App.app in Embed Watch Content */,
			);
			name = "Embed Watch Content";
			runOnlyForDeploymentPostprocessing = 0;
		};
/* End PBXCopyFilesBuildPhase section */

/* Begin PBXFileReference section */
		F118B2B92B68DFF6001D1915 /* Liturgy.swift */ = {isa = PBXFileReference; lastKnownFileType = sourcecode.swift; path = Liturgy.swift; sourceTree = "<group>"; };
		F118B2BE2B68E125001D1915 /* Lectures.swift */ = {isa = PBXFileReference; lastKnownFileType = sourcecode.swift; path = Lectures.swift; sourceTree = "<group>"; };
		F118B2C42B68E340001D1915 /* LecturesViewModel.swift */ = {isa = PBXFileReference; lastKnownFileType = sourcecode.swift; path = LecturesViewModel.swift; sourceTree = "<group>"; };
		F118B2C72B68E6F2001D1915 /* DayLoadingError.swift */ = {isa = PBXFileReference; lastKnownFileType = sourcecode.swift; path = DayLoadingError.swift; sourceTree = "<group>"; };
		F118B2CD2B68EE5E001D1915 /* HomeView.swift */ = {isa = PBXFileReference; lastKnownFileType = sourcecode.swift; path = HomeView.swift; sourceTree = "<group>"; };
		F118B2CF2B68EFA8001D1915 /* LiturgyView.swift */ = {isa = PBXFileReference; lastKnownFileType = sourcecode.swift; path = LiturgyView.swift; sourceTree = "<group>"; };
		F118B2D22B68FE82001D1915 /* CustomTabView.swift */ = {isa = PBXFileReference; lastKnownFileType = sourcecode.swift; path = CustomTabView.swift; sourceTree = "<group>"; };
		F120D1642B5013200009F5BB /* MszalWidgetExtension.appex */ = {isa = PBXFileReference; explicitFileType = "wrapper.app-extension"; includeInIndex = 0; path = MszalWidgetExtension.appex; sourceTree = BUILT_PRODUCTS_DIR; };
		F120D1682B5013200009F5BB /* MszalWidgetBundle.swift */ = {isa = PBXFileReference; lastKnownFileType = sourcecode.swift; path = MszalWidgetBundle.swift; sourceTree = "<group>"; };
		F120D16A2B5013200009F5BB /* MszalWidget.swift */ = {isa = PBXFileReference; lastKnownFileType = sourcecode.swift; path = MszalWidget.swift; sourceTree = "<group>"; };
		F120D16C2B5013220009F5BB /* Assets.xcassets */ = {isa = PBXFileReference; lastKnownFileType = folder.assetcatalog; path = Assets.xcassets; sourceTree = "<group>"; };
		F120D16E2B5013220009F5BB /* Info.plist */ = {isa = PBXFileReference; lastKnownFileType = text.plist.xml; path = Info.plist; sourceTree = "<group>"; };
		F120D1772B50137E0009F5BB /* Provider.swift */ = {isa = PBXFileReference; lastKnownFileType = sourcecode.swift; path = Provider.swift; sourceTree = "<group>"; };
		F127CE622B65DA52009A9D84 /* NotificationManager.swift */ = {isa = PBXFileReference; lastKnownFileType = sourcecode.swift; path = NotificationManager.swift; sourceTree = "<group>"; };
		F13E0ED12B608167004797D6 /* ColorUtils.swift */ = {isa = PBXFileReference; lastKnownFileType = sourcecode.swift; path = ColorUtils.swift; sourceTree = "<group>"; };
		F15DE1902B658ADA003CD8B2 /* SplashScreenView.swift */ = {isa = PBXFileReference; lastKnownFileType = sourcecode.swift; path = SplashScreenView.swift; sourceTree = "<group>"; };
		F1654E962B4D4AF0002964BE /* Liturgnik.app */ = {isa = PBXFileReference; explicitFileType = wrapper.application; includeInIndex = 0; path = Liturgnik.app; sourceTree = BUILT_PRODUCTS_DIR; };
		F1654E992B4D4AF0002964BE /* LiturgnikApp.swift */ = {isa = PBXFileReference; lastKnownFileType = sourcecode.swift; path = LiturgnikApp.swift; sourceTree = "<group>"; };
		F1654E9B2B4D4AF0002964BE /* ContentView.swift */ = {isa = PBXFileReference; lastKnownFileType = sourcecode.swift; path = ContentView.swift; sourceTree = "<group>"; };
		F1654E9D2B4D4AF1002964BE /* Assets.xcassets */ = {isa = PBXFileReference; lastKnownFileType = folder.assetcatalog; path = Assets.xcassets; sourceTree = "<group>"; };
		F1654EA02B4D4AF1002964BE /* Preview Assets.xcassets */ = {isa = PBXFileReference; lastKnownFileType = folder.assetcatalog; path = "Preview Assets.xcassets"; sourceTree = "<group>"; };
		F1654EAB2B4D4B6B002964BE /* ColorWidgetExtension.appex */ = {isa = PBXFileReference; explicitFileType = "wrapper.app-extension"; includeInIndex = 0; path = ColorWidgetExtension.appex; sourceTree = BUILT_PRODUCTS_DIR; };
		F1654EAD2B4D4B6B002964BE /* WidgetKit.framework */ = {isa = PBXFileReference; lastKnownFileType = wrapper.framework; name = WidgetKit.framework; path = System/Library/Frameworks/WidgetKit.framework; sourceTree = SDKROOT; };
		F1654EAF2B4D4B6B002964BE /* SwiftUI.framework */ = {isa = PBXFileReference; lastKnownFileType = wrapper.framework; name = SwiftUI.framework; path = System/Library/Frameworks/SwiftUI.framework; sourceTree = SDKROOT; };
		F1654EB22B4D4B6B002964BE /* ColorWidgetBundle.swift */ = {isa = PBXFileReference; lastKnownFileType = sourcecode.swift; path = ColorWidgetBundle.swift; sourceTree = "<group>"; };
		F1654EB62B4D4B6F002964BE /* Assets.xcassets */ = {isa = PBXFileReference; lastKnownFileType = folder.assetcatalog; path = Assets.xcassets; sourceTree = "<group>"; };
		F1654EB82B4D4B6F002964BE /* Info.plist */ = {isa = PBXFileReference; lastKnownFileType = text.plist.xml; path = Info.plist; sourceTree = "<group>"; };
		F1654EC42B4D4BDE002964BE /* NiedzielaScraper.swift */ = {isa = PBXFileReference; lastKnownFileType = sourcecode.swift; path = NiedzielaScraper.swift; sourceTree = "<group>"; };
		F172CF802B6EC93300569D0C /* LiturgnikWatch.app */ = {isa = PBXFileReference; explicitFileType = wrapper.application; includeInIndex = 0; path = LiturgnikWatch.app; sourceTree = BUILT_PRODUCTS_DIR; };
		F172CF852B6EC93300569D0C /* LiturgnikWatch Watch App.app */ = {isa = PBXFileReference; explicitFileType = wrapper.application; includeInIndex = 0; path = "LiturgnikWatch Watch App.app"; sourceTree = BUILT_PRODUCTS_DIR; };
		F172CF8A2B6EC93300569D0C /* LiturgnikWatchApp.swift */ = {isa = PBXFileReference; lastKnownFileType = sourcecode.swift; path = LiturgnikWatchApp.swift; sourceTree = "<group>"; };
		F172CF8C2B6EC93300569D0C /* ContentView.swift */ = {isa = PBXFileReference; lastKnownFileType = sourcecode.swift; path = ContentView.swift; sourceTree = "<group>"; };
		F172CF8E2B6EC93500569D0C /* Assets.xcassets */ = {isa = PBXFileReference; lastKnownFileType = folder.assetcatalog; path = Assets.xcassets; sourceTree = "<group>"; };
		F172CF912B6EC93500569D0C /* Preview Assets.xcassets */ = {isa = PBXFileReference; lastKnownFileType = folder.assetcatalog; path = "Preview Assets.xcassets"; sourceTree = "<group>"; };
		F172CFA92B6EC9E500569D0C /* SwiftUI.framework */ = {isa = PBXFileReference; lastKnownFileType = wrapper.framework; name = SwiftUI.framework; path = Platforms/WatchOS.platform/Developer/SDKs/WatchOS10.2.sdk/System/Library/Frameworks/SwiftUI.framework; sourceTree = DEVELOPER_DIR; };
		F1BCEE3A2B4D51D70020D3FF /* Provider.swift */ = {isa = PBXFileReference; fileEncoding = 4; lastKnownFileType = sourcecode.swift; path = Provider.swift; sourceTree = "<group>"; };
		F1BCEE3C2B4D51E60020D3FF /* ColorWidget.swift */ = {isa = PBXFileReference; fileEncoding = 4; lastKnownFileType = sourcecode.swift; path = ColorWidget.swift; sourceTree = "<group>"; };
		F1BCEE422B4D52110020D3FF /* DateUtils.swift */ = {isa = PBXFileReference; fileEncoding = 4; lastKnownFileType = sourcecode.swift; path = DateUtils.swift; sourceTree = "<group>"; };
		F1BCEE492B4D55540020D3FF /* LecturesWidgetExtension.appex */ = {isa = PBXFileReference; explicitFileType = "wrapper.app-extension"; includeInIndex = 0; path = LecturesWidgetExtension.appex; sourceTree = BUILT_PRODUCTS_DIR; };
		F1BCEE4D2B4D55540020D3FF /* LecturesWidgetBundle.swift */ = {isa = PBXFileReference; lastKnownFileType = sourcecode.swift; path = LecturesWidgetBundle.swift; sourceTree = "<group>"; };
		F1BCEE4F2B4D55540020D3FF /* LecturesWidget.swift */ = {isa = PBXFileReference; lastKnownFileType = sourcecode.swift; path = LecturesWidget.swift; sourceTree = "<group>"; };
		F1BCEE512B4D55560020D3FF /* Assets.xcassets */ = {isa = PBXFileReference; lastKnownFileType = folder.assetcatalog; path = Assets.xcassets; sourceTree = "<group>"; };
		F1BCEE532B4D55560020D3FF /* Info.plist */ = {isa = PBXFileReference; lastKnownFileType = text.plist.xml; path = Info.plist; sourceTree = "<group>"; };
		F1BCEE5D2B4D557F0020D3FF /* Provider.swift */ = {isa = PBXFileReference; lastKnownFileType = sourcecode.swift; path = Provider.swift; sourceTree = "<group>"; };
		F1D6A0A12B4DEB95009418F1 /* ApiConnector.swift */ = {isa = PBXFileReference; lastKnownFileType = sourcecode.swift; path = ApiConnector.swift; sourceTree = "<group>"; };
		F1D6A0A62B4DEC19009418F1 /* Data.json */ = {isa = PBXFileReference; fileEncoding = 4; lastKnownFileType = text.json; path = Data.json; sourceTree = "<group>"; };
		F1EE13232B6C1990008B0611 /* SettingsView.swift */ = {isa = PBXFileReference; lastKnownFileType = sourcecode.swift; path = SettingsView.swift; sourceTree = "<group>"; };
		F1EE13252B6C563A008B0611 /* SettingsViewModel.swift */ = {isa = PBXFileReference; lastKnownFileType = sourcecode.swift; path = SettingsViewModel.swift; sourceTree = "<group>"; };
/* End PBXFileReference section */

/* Begin PBXFrameworksBuildPhase section */
		F120D1612B5013200009F5BB /* Frameworks */ = {
			isa = PBXFrameworksBuildPhase;
			buildActionMask = 2147483647;
			files = (
				F120D1662B5013200009F5BB /* SwiftUI.framework in Frameworks */,
				F120D1652B5013200009F5BB /* WidgetKit.framework in Frameworks */,
				F120D1802B501C1B0009F5BB /* SwiftSoup in Frameworks */,
			);
			runOnlyForDeploymentPostprocessing = 0;
		};
		F1654E932B4D4AF0002964BE /* Frameworks */ = {
			isa = PBXFrameworksBuildPhase;
			buildActionMask = 2147483647;
			files = (
				F1654EC92B4D4BF8002964BE /* SwiftSoup in Frameworks */,
			);
			runOnlyForDeploymentPostprocessing = 0;
		};
		F1654EA82B4D4B6A002964BE /* Frameworks */ = {
			isa = PBXFrameworksBuildPhase;
			buildActionMask = 2147483647;
			files = (
				F1654EB02B4D4B6B002964BE /* SwiftUI.framework in Frameworks */,
				F1654EAE2B4D4B6B002964BE /* WidgetKit.framework in Frameworks */,
				F1BCEE392B4D51AB0020D3FF /* SwiftSoup in Frameworks */,
			);
			runOnlyForDeploymentPostprocessing = 0;
		};
		F172CF822B6EC93300569D0C /* Frameworks */ = {
			isa = PBXFrameworksBuildPhase;
			buildActionMask = 2147483647;
			files = (
				F172CFAA2B6EC9E500569D0C /* SwiftUI.framework in Frameworks */,
				F172CFA82B6EC9CF00569D0C /* SwiftSoup in Frameworks */,
			);
			runOnlyForDeploymentPostprocessing = 0;
		};
		F1BCEE462B4D55540020D3FF /* Frameworks */ = {
			isa = PBXFrameworksBuildPhase;
			buildActionMask = 2147483647;
			files = (
				F1BCEE4B2B4D55540020D3FF /* SwiftUI.framework in Frameworks */,
				F1BCEE4A2B4D55540020D3FF /* WidgetKit.framework in Frameworks */,
				F1BCEE602B4D560B0020D3FF /* SwiftSoup in Frameworks */,
			);
			runOnlyForDeploymentPostprocessing = 0;
		};
/* End PBXFrameworksBuildPhase section */

/* Begin PBXGroup section */
		F118B2B82B68DFB4001D1915 /* Model */ = {
			isa = PBXGroup;
			children = (
				F118B2B92B68DFF6001D1915 /* Liturgy.swift */,
				F118B2BE2B68E125001D1915 /* Lectures.swift */,
			);
			path = Model;
			sourceTree = "<group>";
		};
		F118B2C32B68E1AF001D1915 /* ViewModel */ = {
			isa = PBXGroup;
			children = (
				F118B2C42B68E340001D1915 /* LecturesViewModel.swift */,
				F1EE13252B6C563A008B0611 /* SettingsViewModel.swift */,
			);
			path = ViewModel;
			sourceTree = "<group>";
		};
		F118B2C62B68E6D7001D1915 /* Errors */ = {
			isa = PBXGroup;
			children = (
				F118B2C72B68E6F2001D1915 /* DayLoadingError.swift */,
			);
			path = Errors;
			sourceTree = "<group>";
		};
		F118B2CC2B68EE38001D1915 /* View */ = {
			isa = PBXGroup;
			children = (
				F118B2CD2B68EE5E001D1915 /* HomeView.swift */,
				F1EE13232B6C1990008B0611 /* SettingsView.swift */,
				F118B2CF2B68EFA8001D1915 /* LiturgyView.swift */,
			);
			path = View;
			sourceTree = "<group>";
		};
		F118B2D12B68FE3B001D1915 /* Components */ = {
			isa = PBXGroup;
			children = (
				F118B2D22B68FE82001D1915 /* CustomTabView.swift */,
			);
			path = Components;
			sourceTree = "<group>";
		};
		F120D1672B5013200009F5BB /* MszalWidget */ = {
			isa = PBXGroup;
			children = (
				F120D1682B5013200009F5BB /* MszalWidgetBundle.swift */,
				F120D16A2B5013200009F5BB /* MszalWidget.swift */,
				F120D1772B50137E0009F5BB /* Provider.swift */,
				F120D16C2B5013220009F5BB /* Assets.xcassets */,
				F120D16E2B5013220009F5BB /* Info.plist */,
			);
			path = MszalWidget;
			sourceTree = "<group>";
		};
		F127CE612B65DA33009A9D84 /* Managers */ = {
			isa = PBXGroup;
			children = (
				F127CE622B65DA52009A9D84 /* NotificationManager.swift */,
			);
			path = Managers;
			sourceTree = "<group>";
		};
		F1654E8D2B4D4AF0002964BE = {
			isa = PBXGroup;
			children = (
				F1D6A0A62B4DEC19009418F1 /* Data.json */,
				F1654E982B4D4AF0002964BE /* Liturgnik */,
				F1654EB12B4D4B6B002964BE /* ColorWidget */,
				F1BCEE412B4D520B0020D3FF /* Utils */,
				F1BCEE4C2B4D55540020D3FF /* LecturesWidget */,
				F120D1672B5013200009F5BB /* MszalWidget */,
				F172CF892B6EC93300569D0C /* LiturgnikWatch Watch App */,
				F1654EAC2B4D4B6B002964BE /* Frameworks */,
				F1654E972B4D4AF0002964BE /* Products */,
			);
			sourceTree = "<group>";
		};
		F1654E972B4D4AF0002964BE /* Products */ = {
			isa = PBXGroup;
			children = (
				F1654E962B4D4AF0002964BE /* Liturgnik.app */,
				F1654EAB2B4D4B6B002964BE /* ColorWidgetExtension.appex */,
				F1BCEE492B4D55540020D3FF /* LecturesWidgetExtension.appex */,
				F120D1642B5013200009F5BB /* MszalWidgetExtension.appex */,
				F172CF802B6EC93300569D0C /* LiturgnikWatch.app */,
				F172CF852B6EC93300569D0C /* LiturgnikWatch Watch App.app */,
			);
			name = Products;
			sourceTree = "<group>";
		};
		F1654E982B4D4AF0002964BE /* Liturgnik */ = {
			isa = PBXGroup;
			children = (
				F118B2D12B68FE3B001D1915 /* Components */,
				F118B2C62B68E6D7001D1915 /* Errors */,
				F118B2CC2B68EE38001D1915 /* View */,
				F118B2C32B68E1AF001D1915 /* ViewModel */,
				F118B2B82B68DFB4001D1915 /* Model */,
				F127CE612B65DA33009A9D84 /* Managers */,
				F1654EC22B4D4BAA002964BE /* Core */,
				F1654E992B4D4AF0002964BE /* LiturgnikApp.swift */,
				F1654E9B2B4D4AF0002964BE /* ContentView.swift */,
				F1654E9D2B4D4AF1002964BE /* Assets.xcassets */,
				F1654E9F2B4D4AF1002964BE /* Preview Content */,
				F15DE1902B658ADA003CD8B2 /* SplashScreenView.swift */,
			);
			path = Liturgnik;
			sourceTree = "<group>";
		};
		F1654E9F2B4D4AF1002964BE /* Preview Content */ = {
			isa = PBXGroup;
			children = (
				F1654EA02B4D4AF1002964BE /* Preview Assets.xcassets */,
			);
			path = "Preview Content";
			sourceTree = "<group>";
		};
		F1654EAC2B4D4B6B002964BE /* Frameworks */ = {
			isa = PBXGroup;
			children = (
				F172CFA92B6EC9E500569D0C /* SwiftUI.framework */,
				F1654EAD2B4D4B6B002964BE /* WidgetKit.framework */,
				F1654EAF2B4D4B6B002964BE /* SwiftUI.framework */,
			);
			name = Frameworks;
			sourceTree = "<group>";
		};
		F1654EB12B4D4B6B002964BE /* ColorWidget */ = {
			isa = PBXGroup;
			children = (
				F1654EB22B4D4B6B002964BE /* ColorWidgetBundle.swift */,
				F1BCEE3C2B4D51E60020D3FF /* ColorWidget.swift */,
				F1BCEE3A2B4D51D70020D3FF /* Provider.swift */,
				F1654EB62B4D4B6F002964BE /* Assets.xcassets */,
				F1654EB82B4D4B6F002964BE /* Info.plist */,
			);
			path = ColorWidget;
			sourceTree = "<group>";
		};
		F1654EC22B4D4BAA002964BE /* Core */ = {
			isa = PBXGroup;
			children = (
				F1D6A0A02B4DEB70009418F1 /* Api */,
			);
			path = Core;
			sourceTree = "<group>";
		};
		F172CF892B6EC93300569D0C /* LiturgnikWatch Watch App */ = {
			isa = PBXGroup;
			children = (
				F172CF8A2B6EC93300569D0C /* LiturgnikWatchApp.swift */,
				F172CF8C2B6EC93300569D0C /* ContentView.swift */,
				F172CF8E2B6EC93500569D0C /* Assets.xcassets */,
				F172CF902B6EC93500569D0C /* Preview Content */,
			);
			path = "LiturgnikWatch Watch App";
			sourceTree = "<group>";
		};
		F172CF902B6EC93500569D0C /* Preview Content */ = {
			isa = PBXGroup;
			children = (
				F172CF912B6EC93500569D0C /* Preview Assets.xcassets */,
			);
			path = "Preview Content";
			sourceTree = "<group>";
		};
		F1BCEE412B4D520B0020D3FF /* Utils */ = {
			isa = PBXGroup;
			children = (
				F1BCEE422B4D52110020D3FF /* DateUtils.swift */,
				F13E0ED12B608167004797D6 /* ColorUtils.swift */,
			);
			path = Utils;
			sourceTree = "<group>";
		};
		F1BCEE4C2B4D55540020D3FF /* LecturesWidget */ = {
			isa = PBXGroup;
			children = (
				F1BCEE4D2B4D55540020D3FF /* LecturesWidgetBundle.swift */,
				F1BCEE4F2B4D55540020D3FF /* LecturesWidget.swift */,
				F1BCEE5D2B4D557F0020D3FF /* Provider.swift */,
				F1BCEE512B4D55560020D3FF /* Assets.xcassets */,
				F1BCEE532B4D55560020D3FF /* Info.plist */,
			);
			path = LecturesWidget;
			sourceTree = "<group>";
		};
		F1D6A0A02B4DEB70009418F1 /* Api */ = {
			isa = PBXGroup;
			children = (
				F1654EC42B4D4BDE002964BE /* NiedzielaScraper.swift */,
				F1D6A0A12B4DEB95009418F1 /* ApiConnector.swift */,
			);
			path = Api;
			sourceTree = "<group>";
		};
/* End PBXGroup section */

/* Begin PBXNativeTarget section */
		F120D1632B5013200009F5BB /* MszalWidgetExtension */ = {
			isa = PBXNativeTarget;
			buildConfigurationList = F120D1742B5013220009F5BB /* Build configuration list for PBXNativeTarget "MszalWidgetExtension" */;
			buildPhases = (
				F120D1602B5013200009F5BB /* Sources */,
				F120D1612B5013200009F5BB /* Frameworks */,
				F120D1622B5013200009F5BB /* Resources */,
			);
			buildRules = (
			);
			dependencies = (
			);
			name = MszalWidgetExtension;
			packageProductDependencies = (
				F120D17F2B501C1B0009F5BB /* SwiftSoup */,
			);
			productName = MszalWidgetExtension;
			productReference = F120D1642B5013200009F5BB /* MszalWidgetExtension.appex */;
			productType = "com.apple.product-type.app-extension";
		};
		F1654E952B4D4AF0002964BE /* Liturgnik */ = {
			isa = PBXNativeTarget;
			buildConfigurationList = F1654EA42B4D4AF1002964BE /* Build configuration list for PBXNativeTarget "Liturgnik" */;
			buildPhases = (
				F1654E922B4D4AF0002964BE /* Sources */,
				F1654E932B4D4AF0002964BE /* Frameworks */,
				F1654E942B4D4AF0002964BE /* Resources */,
				F1654EBF2B4D4B6F002964BE /* Embed Foundation Extensions */,
			);
			buildRules = (
			);
			dependencies = (
				F1654EBA2B4D4B6F002964BE /* PBXTargetDependency */,
				F1BCEE552B4D55560020D3FF /* PBXTargetDependency */,
				F120D1702B5013220009F5BB /* PBXTargetDependency */,
				F172CF942B6EC93500569D0C /* PBXTargetDependency */,
			);
			name = Liturgnik;
			packageProductDependencies = (
				F1654EC82B4D4BF8002964BE /* SwiftSoup */,
			);
			productName = Liturgnik;
			productReference = F1654E962B4D4AF0002964BE /* Liturgnik.app */;
			productType = "com.apple.product-type.application";
		};
		F1654EAA2B4D4B6A002964BE /* ColorWidgetExtension */ = {
			isa = PBXNativeTarget;
			buildConfigurationList = F1654EBC2B4D4B6F002964BE /* Build configuration list for PBXNativeTarget "ColorWidgetExtension" */;
			buildPhases = (
				F1654EA72B4D4B6A002964BE /* Sources */,
				F1654EA82B4D4B6A002964BE /* Frameworks */,
				F1654EA92B4D4B6A002964BE /* Resources */,
			);
			buildRules = (
			);
			dependencies = (
			);
			name = ColorWidgetExtension;
			packageProductDependencies = (
				F1BCEE382B4D51AA0020D3FF /* SwiftSoup */,
			);
			productName = ColorWidgetExtension;
			productReference = F1654EAB2B4D4B6B002964BE /* ColorWidgetExtension.appex */;
			productType = "com.apple.product-type.app-extension";
		};
		F172CF7F2B6EC93200569D0C /* LiturgnikWatch */ = {
			isa = PBXNativeTarget;
			buildConfigurationList = F172CF9C2B6EC93500569D0C /* Build configuration list for PBXNativeTarget "LiturgnikWatch" */;
			buildPhases = (
				F172CF7E2B6EC93200569D0C /* Resources */,
				F172CF982B6EC93500569D0C /* Embed Watch Content */,
			);
			buildRules = (
			);
			dependencies = (
				F172CF882B6EC93300569D0C /* PBXTargetDependency */,
			);
			name = LiturgnikWatch;
			productName = LiturgnikWatch;
			productReference = F172CF802B6EC93300569D0C /* LiturgnikWatch.app */;
			productType = "com.apple.product-type.application.watchapp2-container";
		};
		F172CF842B6EC93300569D0C /* LiturgnikWatch Watch App */ = {
			isa = PBXNativeTarget;
			buildConfigurationList = F172CF9B2B6EC93500569D0C /* Build configuration list for PBXNativeTarget "LiturgnikWatch Watch App" */;
			buildPhases = (
				F172CF812B6EC93300569D0C /* Sources */,
				F172CF822B6EC93300569D0C /* Frameworks */,
				F172CF832B6EC93300569D0C /* Resources */,
			);
			buildRules = (
			);
			dependencies = (
			);
			name = "LiturgnikWatch Watch App";
			packageProductDependencies = (
				F172CFA72B6EC9CF00569D0C /* SwiftSoup */,
			);
			productName = "LiturgnikWatch Watch App";
			productReference = F172CF852B6EC93300569D0C /* LiturgnikWatch Watch App.app */;
			productType = "com.apple.product-type.application";
		};
		F1BCEE482B4D55540020D3FF /* LecturesWidgetExtension */ = {
			isa = PBXNativeTarget;
			buildConfigurationList = F1BCEE572B4D55560020D3FF /* Build configuration list for PBXNativeTarget "LecturesWidgetExtension" */;
			buildPhases = (
				F1BCEE452B4D55540020D3FF /* Sources */,
				F1BCEE462B4D55540020D3FF /* Frameworks */,
				F1BCEE472B4D55540020D3FF /* Resources */,
			);
			buildRules = (
			);
			dependencies = (
			);
			name = LecturesWidgetExtension;
			packageProductDependencies = (
				F1BCEE5F2B4D560B0020D3FF /* SwiftSoup */,
			);
			productName = LecturesWidgetExtension;
			productReference = F1BCEE492B4D55540020D3FF /* LecturesWidgetExtension.appex */;
			productType = "com.apple.product-type.app-extension";
		};
/* End PBXNativeTarget section */

/* Begin PBXProject section */
		F1654E8E2B4D4AF0002964BE /* Project object */ = {
			isa = PBXProject;
			attributes = {
				BuildIndependentTargetsInParallel = 1;
				LastSwiftUpdateCheck = 1520;
				LastUpgradeCheck = 1510;
				TargetAttributes = {
					F120D1632B5013200009F5BB = {
						CreatedOnToolsVersion = 15.1;
					};
					F1654E952B4D4AF0002964BE = {
						CreatedOnToolsVersion = 15.1;
					};
					F1654EAA2B4D4B6A002964BE = {
						CreatedOnToolsVersion = 15.1;
					};
					F172CF7F2B6EC93200569D0C = {
						CreatedOnToolsVersion = 15.2;
					};
					F172CF842B6EC93300569D0C = {
						CreatedOnToolsVersion = 15.2;
					};
					F1BCEE482B4D55540020D3FF = {
						CreatedOnToolsVersion = 15.1;
					};
				};
			};
			buildConfigurationList = F1654E912B4D4AF0002964BE /* Build configuration list for PBXProject "Liturgnik" */;
			compatibilityVersion = "Xcode 14.0";
			developmentRegion = en;
			hasScannedForEncodings = 0;
			knownRegions = (
				en,
				Base,
			);
			mainGroup = F1654E8D2B4D4AF0002964BE;
			packageReferences = (
				F1654EC72B4D4BF8002964BE /* XCRemoteSwiftPackageReference "SwiftSoup" */,
			);
			productRefGroup = F1654E972B4D4AF0002964BE /* Products */;
			projectDirPath = "";
			projectRoot = "";
			targets = (
				F1654E952B4D4AF0002964BE /* Liturgnik */,
				F1654EAA2B4D4B6A002964BE /* ColorWidgetExtension */,
				F1BCEE482B4D55540020D3FF /* LecturesWidgetExtension */,
				F120D1632B5013200009F5BB /* MszalWidgetExtension */,
				F172CF7F2B6EC93200569D0C /* LiturgnikWatch */,
				F172CF842B6EC93300569D0C /* LiturgnikWatch Watch App */,
			);
		};
/* End PBXProject section */

/* Begin PBXResourcesBuildPhase section */
		F120D1622B5013200009F5BB /* Resources */ = {
			isa = PBXResourcesBuildPhase;
			buildActionMask = 2147483647;
			files = (
				F120D16D2B5013220009F5BB /* Assets.xcassets in Resources */,
			);
			runOnlyForDeploymentPostprocessing = 0;
		};
		F1654E942B4D4AF0002964BE /* Resources */ = {
			isa = PBXResourcesBuildPhase;
			buildActionMask = 2147483647;
			files = (
				F1654EA12B4D4AF1002964BE /* Preview Assets.xcassets in Resources */,
				F172CF952B6EC93500569D0C /* LiturgnikWatch.app in Resources */,
				F1654E9E2B4D4AF1002964BE /* Assets.xcassets in Resources */,
				F1D6A0A72B4DEC19009418F1 /* Data.json in Resources */,
			);
			runOnlyForDeploymentPostprocessing = 0;
		};
		F1654EA92B4D4B6A002964BE /* Resources */ = {
			isa = PBXResourcesBuildPhase;
			buildActionMask = 2147483647;
			files = (
				F1654EB72B4D4B6F002964BE /* Assets.xcassets in Resources */,
				F1D6A0A82B4DEC19009418F1 /* Data.json in Resources */,
			);
			runOnlyForDeploymentPostprocessing = 0;
		};
		F172CF7E2B6EC93200569D0C /* Resources */ = {
			isa = PBXResourcesBuildPhase;
			buildActionMask = 2147483647;
			files = (
			);
			runOnlyForDeploymentPostprocessing = 0;
		};
		F172CF832B6EC93300569D0C /* Resources */ = {
			isa = PBXResourcesBuildPhase;
			buildActionMask = 2147483647;
			files = (
				F172CF922B6EC93500569D0C /* Preview Assets.xcassets in Resources */,
				F172CF8F2B6EC93500569D0C /* Assets.xcassets in Resources */,
			);
			runOnlyForDeploymentPostprocessing = 0;
		};
		F1BCEE472B4D55540020D3FF /* Resources */ = {
			isa = PBXResourcesBuildPhase;
			buildActionMask = 2147483647;
			files = (
				F1BCEE522B4D55560020D3FF /* Assets.xcassets in Resources */,
				F1D6A0A92B4DEC19009418F1 /* Data.json in Resources */,
			);
			runOnlyForDeploymentPostprocessing = 0;
		};
/* End PBXResourcesBuildPhase section */

/* Begin PBXSourcesBuildPhase section */
		F120D1602B5013200009F5BB /* Sources */ = {
			isa = PBXSourcesBuildPhase;
			buildActionMask = 2147483647;
			files = (
				F118B2BD2B68DFF6001D1915 /* Liturgy.swift in Sources */,
				F13E0ED52B60816B004797D6 /* ColorUtils.swift in Sources */,
				F120D1692B5013200009F5BB /* MszalWidgetBundle.swift in Sources */,
				F120D1752B50132B0009F5BB /* ApiConnector.swift in Sources */,
				F118B2CB2B68E6F7001D1915 /* DayLoadingError.swift in Sources */,
				F120D17B2B5016570009F5BB /* DateUtils.swift in Sources */,
				F120D1782B50137E0009F5BB /* Provider.swift in Sources */,
				F120D17C2B501BA30009F5BB /* NiedzielaScraper.swift in Sources */,
				F120D16B2B5013200009F5BB /* MszalWidget.swift in Sources */,
				F118B2C22B68E125001D1915 /* Lectures.swift in Sources */,
			);
			runOnlyForDeploymentPostprocessing = 0;
		};
		F1654E922B4D4AF0002964BE /* Sources */ = {
			isa = PBXSourcesBuildPhase;
			buildActionMask = 2147483647;
			files = (
				F118B2C82B68E6F2001D1915 /* DayLoadingError.swift in Sources */,
				F1654E9C2B4D4AF0002964BE /* ContentView.swift in Sources */,
				F118B2CE2B68EE5E001D1915 /* HomeView.swift in Sources */,
				F1BCEE432B4D52110020D3FF /* DateUtils.swift in Sources */,
				F118B2BA2B68DFF6001D1915 /* Liturgy.swift in Sources */,
				F118B2D02B68EFA8001D1915 /* LiturgyView.swift in Sources */,
				F1D6A0A22B4DEB95009418F1 /* ApiConnector.swift in Sources */,
				F118B2BF2B68E125001D1915 /* Lectures.swift in Sources */,
				F1EE13262B6C563A008B0611 /* SettingsViewModel.swift in Sources */,
				F1654EC52B4D4BDE002964BE /* NiedzielaScraper.swift in Sources */,
				F1EE13242B6C1990008B0611 /* SettingsView.swift in Sources */,
				F127CE632B65DA52009A9D84 /* NotificationManager.swift in Sources */,
				F118B2C52B68E340001D1915 /* LecturesViewModel.swift in Sources */,
				F13E0ED22B608167004797D6 /* ColorUtils.swift in Sources */,
				F118B2D32B68FE82001D1915 /* CustomTabView.swift in Sources */,
				F1654E9A2B4D4AF0002964BE /* LiturgnikApp.swift in Sources */,
				F15DE1912B658ADA003CD8B2 /* SplashScreenView.swift in Sources */,
			);
			runOnlyForDeploymentPostprocessing = 0;
		};
		F1654EA72B4D4B6A002964BE /* Sources */ = {
			isa = PBXSourcesBuildPhase;
			buildActionMask = 2147483647;
			files = (
				F118B2BB2B68DFF6001D1915 /* Liturgy.swift in Sources */,
				F13E0ED42B60816A004797D6 /* ColorUtils.swift in Sources */,
				F1654EB32B4D4B6B002964BE /* ColorWidgetBundle.swift in Sources */,
				F1D6A0A32B4DEB95009418F1 /* ApiConnector.swift in Sources */,
				F118B2C92B68E6F7001D1915 /* DayLoadingError.swift in Sources */,
				F1654EC62B4D4BDF002964BE /* NiedzielaScraper.swift in Sources */,
				F1BCEE3D2B4D51E60020D3FF /* ColorWidget.swift in Sources */,
				F1BCEE442B4D52110020D3FF /* DateUtils.swift in Sources */,
				F1BCEE3B2B4D51D70020D3FF /* Provider.swift in Sources */,
				F118B2C02B68E125001D1915 /* Lectures.swift in Sources */,
			);
			runOnlyForDeploymentPostprocessing = 0;
		};
		F172CF812B6EC93300569D0C /* Sources */ = {
			isa = PBXSourcesBuildPhase;
			buildActionMask = 2147483647;
			files = (
				F172CF8D2B6EC93300569D0C /* ContentView.swift in Sources */,
				F172CF9E2B6EC99100569D0C /* DateUtils.swift in Sources */,
				F172CFA62B6EC9B200569D0C /* NotificationManager.swift in Sources */,
				F172CFA42B6EC9AC00569D0C /* ApiConnector.swift in Sources */,
				F172CFA12B6EC99B00569D0C /* Lectures.swift in Sources */,
				F172CFA02B6EC99900569D0C /* Liturgy.swift in Sources */,
				F172CFA22B6EC9A100569D0C /* DayLoadingError.swift in Sources */,
				F172CFAB2B6ECBCF00569D0C /* LecturesViewModel.swift in Sources */,
				F172CF8B2B6EC93300569D0C /* LiturgnikWatchApp.swift in Sources */,
				F172CFA52B6EC9B000569D0C /* NiedzielaScraper.swift in Sources */,
				F172CF9F2B6EC99500569D0C /* ColorUtils.swift in Sources */,
			);
			runOnlyForDeploymentPostprocessing = 0;
		};
		F1BCEE452B4D55540020D3FF /* Sources */ = {
			isa = PBXSourcesBuildPhase;
			buildActionMask = 2147483647;
			files = (
				F118B2BC2B68DFF6001D1915 /* Liturgy.swift in Sources */,
				F13E0ED62B60816D004797D6 /* ColorUtils.swift in Sources */,
				F1BCEE502B4D55540020D3FF /* LecturesWidget.swift in Sources */,
				F1D6A0A42B4DEB95009418F1 /* ApiConnector.swift in Sources */,
				F118B2CA2B68E6F7001D1915 /* DayLoadingError.swift in Sources */,
				F1BCEE5A2B4D555E0020D3FF /* NiedzielaScraper.swift in Sources */,
				F103876F2B4D5DA200B2E807 /* DateUtils.swift in Sources */,
				F1BCEE5E2B4D557F0020D3FF /* Provider.swift in Sources */,
				F1BCEE4E2B4D55540020D3FF /* LecturesWidgetBundle.swift in Sources */,
				F118B2C12B68E125001D1915 /* Lectures.swift in Sources */,
			);
			runOnlyForDeploymentPostprocessing = 0;
		};
/* End PBXSourcesBuildPhase section */

/* Begin PBXTargetDependency section */
		F120D1702B5013220009F5BB /* PBXTargetDependency */ = {
			isa = PBXTargetDependency;
			target = F120D1632B5013200009F5BB /* MszalWidgetExtension */;
			targetProxy = F120D16F2B5013220009F5BB /* PBXContainerItemProxy */;
		};
		F1654EBA2B4D4B6F002964BE /* PBXTargetDependency */ = {
			isa = PBXTargetDependency;
			target = F1654EAA2B4D4B6A002964BE /* ColorWidgetExtension */;
			targetProxy = F1654EB92B4D4B6F002964BE /* PBXContainerItemProxy */;
		};
		F172CF882B6EC93300569D0C /* PBXTargetDependency */ = {
			isa = PBXTargetDependency;
			target = F172CF842B6EC93300569D0C /* LiturgnikWatch Watch App */;
			targetProxy = F172CF872B6EC93300569D0C /* PBXContainerItemProxy */;
		};
		F172CF942B6EC93500569D0C /* PBXTargetDependency */ = {
			isa = PBXTargetDependency;
			target = F172CF7F2B6EC93200569D0C /* LiturgnikWatch */;
			targetProxy = F172CF932B6EC93500569D0C /* PBXContainerItemProxy */;
		};
		F1BCEE552B4D55560020D3FF /* PBXTargetDependency */ = {
			isa = PBXTargetDependency;
			target = F1BCEE482B4D55540020D3FF /* LecturesWidgetExtension */;
			targetProxy = F1BCEE542B4D55560020D3FF /* PBXContainerItemProxy */;
		};
/* End PBXTargetDependency section */

/* Begin XCBuildConfiguration section */
		F120D1722B5013220009F5BB /* Debug */ = {
			isa = XCBuildConfiguration;
			buildSettings = {
				ASSETCATALOG_COMPILER_GLOBAL_ACCENT_COLOR_NAME = AccentColor;
				ASSETCATALOG_COMPILER_WIDGET_BACKGROUND_COLOR_NAME = WidgetBackground;
				CODE_SIGN_STYLE = Automatic;
				CURRENT_PROJECT_VERSION = 1;
				DEVELOPMENT_TEAM = 953L4WCQ6C;
				GENERATE_INFOPLIST_FILE = YES;
				INFOPLIST_FILE = MszalWidget/Info.plist;
				INFOPLIST_KEY_CFBundleDisplayName = MszalWidget;
				INFOPLIST_KEY_NSHumanReadableCopyright = "";
				LD_RUNPATH_SEARCH_PATHS = (
					"$(inherited)",
					"@executable_path/Frameworks",
					"@executable_path/../../Frameworks",
				);
				MARKETING_VERSION = 1.0;
				PRODUCT_BUNDLE_IDENTIFIER = dev.marszalkowski.Liturgnik.MszalWidget;
				PRODUCT_NAME = "$(TARGET_NAME)";
				SKIP_INSTALL = YES;
				SWIFT_EMIT_LOC_STRINGS = YES;
				SWIFT_VERSION = 5.0;
				TARGETED_DEVICE_FAMILY = "1,2";
			};
			name = Debug;
		};
		F120D1732B5013220009F5BB /* Release */ = {
			isa = XCBuildConfiguration;
			buildSettings = {
				ASSETCATALOG_COMPILER_GLOBAL_ACCENT_COLOR_NAME = AccentColor;
				ASSETCATALOG_COMPILER_WIDGET_BACKGROUND_COLOR_NAME = WidgetBackground;
				CODE_SIGN_STYLE = Automatic;
				CURRENT_PROJECT_VERSION = 1;
				DEVELOPMENT_TEAM = 953L4WCQ6C;
				GENERATE_INFOPLIST_FILE = YES;
				INFOPLIST_FILE = MszalWidget/Info.plist;
				INFOPLIST_KEY_CFBundleDisplayName = MszalWidget;
				INFOPLIST_KEY_NSHumanReadableCopyright = "";
				LD_RUNPATH_SEARCH_PATHS = (
					"$(inherited)",
					"@executable_path/Frameworks",
					"@executable_path/../../Frameworks",
				);
				MARKETING_VERSION = 1.0;
				PRODUCT_BUNDLE_IDENTIFIER = dev.marszalkowski.Liturgnik.MszalWidget;
				PRODUCT_NAME = "$(TARGET_NAME)";
				SKIP_INSTALL = YES;
				SWIFT_EMIT_LOC_STRINGS = YES;
				SWIFT_VERSION = 5.0;
				TARGETED_DEVICE_FAMILY = "1,2";
			};
			name = Release;
		};
		F1654EA22B4D4AF1002964BE /* Debug */ = {
			isa = XCBuildConfiguration;
			buildSettings = {
				ALWAYS_SEARCH_USER_PATHS = NO;
				ASSETCATALOG_COMPILER_GENERATE_SWIFT_ASSET_SYMBOL_EXTENSIONS = YES;
				CLANG_ANALYZER_NONNULL = YES;
				CLANG_ANALYZER_NUMBER_OBJECT_CONVERSION = YES_AGGRESSIVE;
				CLANG_CXX_LANGUAGE_STANDARD = "gnu++20";
				CLANG_ENABLE_MODULES = YES;
				CLANG_ENABLE_OBJC_ARC = YES;
				CLANG_ENABLE_OBJC_WEAK = YES;
				CLANG_WARN_BLOCK_CAPTURE_AUTORELEASING = YES;
				CLANG_WARN_BOOL_CONVERSION = YES;
				CLANG_WARN_COMMA = YES;
				CLANG_WARN_CONSTANT_CONVERSION = YES;
				CLANG_WARN_DEPRECATED_OBJC_IMPLEMENTATIONS = YES;
				CLANG_WARN_DIRECT_OBJC_ISA_USAGE = YES_ERROR;
				CLANG_WARN_DOCUMENTATION_COMMENTS = YES;
				CLANG_WARN_EMPTY_BODY = YES;
				CLANG_WARN_ENUM_CONVERSION = YES;
				CLANG_WARN_INFINITE_RECURSION = YES;
				CLANG_WARN_INT_CONVERSION = YES;
				CLANG_WARN_NON_LITERAL_NULL_CONVERSION = YES;
				CLANG_WARN_OBJC_IMPLICIT_RETAIN_SELF = YES;
				CLANG_WARN_OBJC_LITERAL_CONVERSION = YES;
				CLANG_WARN_OBJC_ROOT_CLASS = YES_ERROR;
				CLANG_WARN_QUOTED_INCLUDE_IN_FRAMEWORK_HEADER = YES;
				CLANG_WARN_RANGE_LOOP_ANALYSIS = YES;
				CLANG_WARN_STRICT_PROTOTYPES = YES;
				CLANG_WARN_SUSPICIOUS_MOVE = YES;
				CLANG_WARN_UNGUARDED_AVAILABILITY = YES_AGGRESSIVE;
				CLANG_WARN_UNREACHABLE_CODE = YES;
				CLANG_WARN__DUPLICATE_METHOD_MATCH = YES;
				COPY_PHASE_STRIP = NO;
				DEBUG_INFORMATION_FORMAT = dwarf;
				ENABLE_STRICT_OBJC_MSGSEND = YES;
				ENABLE_TESTABILITY = YES;
				ENABLE_USER_SCRIPT_SANDBOXING = YES;
				GCC_C_LANGUAGE_STANDARD = gnu17;
				GCC_DYNAMIC_NO_PIC = NO;
				GCC_NO_COMMON_BLOCKS = YES;
				GCC_OPTIMIZATION_LEVEL = 0;
				GCC_PREPROCESSOR_DEFINITIONS = (
					"DEBUG=1",
					"$(inherited)",
				);
				GCC_WARN_64_TO_32_BIT_CONVERSION = YES;
				GCC_WARN_ABOUT_RETURN_TYPE = YES_ERROR;
				GCC_WARN_UNDECLARED_SELECTOR = YES;
				GCC_WARN_UNINITIALIZED_AUTOS = YES_AGGRESSIVE;
				GCC_WARN_UNUSED_FUNCTION = YES;
				GCC_WARN_UNUSED_VARIABLE = YES;
				IPHONEOS_DEPLOYMENT_TARGET = 16.0;
				LOCALIZATION_PREFERS_STRING_CATALOGS = YES;
				MTL_ENABLE_DEBUG_INFO = INCLUDE_SOURCE;
				MTL_FAST_MATH = YES;
				ONLY_ACTIVE_ARCH = YES;
				SDKROOT = iphoneos;
				SWIFT_ACTIVE_COMPILATION_CONDITIONS = "DEBUG $(inherited)";
				SWIFT_OPTIMIZATION_LEVEL = "-Onone";
			};
			name = Debug;
		};
		F1654EA32B4D4AF1002964BE /* Release */ = {
			isa = XCBuildConfiguration;
			buildSettings = {
				ALWAYS_SEARCH_USER_PATHS = NO;
				ASSETCATALOG_COMPILER_GENERATE_SWIFT_ASSET_SYMBOL_EXTENSIONS = YES;
				CLANG_ANALYZER_NONNULL = YES;
				CLANG_ANALYZER_NUMBER_OBJECT_CONVERSION = YES_AGGRESSIVE;
				CLANG_CXX_LANGUAGE_STANDARD = "gnu++20";
				CLANG_ENABLE_MODULES = YES;
				CLANG_ENABLE_OBJC_ARC = YES;
				CLANG_ENABLE_OBJC_WEAK = YES;
				CLANG_WARN_BLOCK_CAPTURE_AUTORELEASING = YES;
				CLANG_WARN_BOOL_CONVERSION = YES;
				CLANG_WARN_COMMA = YES;
				CLANG_WARN_CONSTANT_CONVERSION = YES;
				CLANG_WARN_DEPRECATED_OBJC_IMPLEMENTATIONS = YES;
				CLANG_WARN_DIRECT_OBJC_ISA_USAGE = YES_ERROR;
				CLANG_WARN_DOCUMENTATION_COMMENTS = YES;
				CLANG_WARN_EMPTY_BODY = YES;
				CLANG_WARN_ENUM_CONVERSION = YES;
				CLANG_WARN_INFINITE_RECURSION = YES;
				CLANG_WARN_INT_CONVERSION = YES;
				CLANG_WARN_NON_LITERAL_NULL_CONVERSION = YES;
				CLANG_WARN_OBJC_IMPLICIT_RETAIN_SELF = YES;
				CLANG_WARN_OBJC_LITERAL_CONVERSION = YES;
				CLANG_WARN_OBJC_ROOT_CLASS = YES_ERROR;
				CLANG_WARN_QUOTED_INCLUDE_IN_FRAMEWORK_HEADER = YES;
				CLANG_WARN_RANGE_LOOP_ANALYSIS = YES;
				CLANG_WARN_STRICT_PROTOTYPES = YES;
				CLANG_WARN_SUSPICIOUS_MOVE = YES;
				CLANG_WARN_UNGUARDED_AVAILABILITY = YES_AGGRESSIVE;
				CLANG_WARN_UNREACHABLE_CODE = YES;
				CLANG_WARN__DUPLICATE_METHOD_MATCH = YES;
				COPY_PHASE_STRIP = NO;
				DEBUG_INFORMATION_FORMAT = "dwarf-with-dsym";
				ENABLE_NS_ASSERTIONS = NO;
				ENABLE_STRICT_OBJC_MSGSEND = YES;
				ENABLE_USER_SCRIPT_SANDBOXING = YES;
				GCC_C_LANGUAGE_STANDARD = gnu17;
				GCC_NO_COMMON_BLOCKS = YES;
				GCC_WARN_64_TO_32_BIT_CONVERSION = YES;
				GCC_WARN_ABOUT_RETURN_TYPE = YES_ERROR;
				GCC_WARN_UNDECLARED_SELECTOR = YES;
				GCC_WARN_UNINITIALIZED_AUTOS = YES_AGGRESSIVE;
				GCC_WARN_UNUSED_FUNCTION = YES;
				GCC_WARN_UNUSED_VARIABLE = YES;
				IPHONEOS_DEPLOYMENT_TARGET = 16.0;
				LOCALIZATION_PREFERS_STRING_CATALOGS = YES;
				MTL_ENABLE_DEBUG_INFO = NO;
				MTL_FAST_MATH = YES;
				SDKROOT = iphoneos;
				SWIFT_COMPILATION_MODE = wholemodule;
				VALIDATE_PRODUCT = YES;
			};
			name = Release;
		};
		F1654EA52B4D4AF1002964BE /* Debug */ = {
			isa = XCBuildConfiguration;
			buildSettings = {
				ALWAYS_EMBED_SWIFT_STANDARD_LIBRARIES = YES;
				ASSETCATALOG_COMPILER_APPICON_NAME = AppIcon;
				ASSETCATALOG_COMPILER_GLOBAL_ACCENT_COLOR_NAME = AccentColor;
				ASSETCATALOG_COMPILER_INCLUDE_ALL_APPICON_ASSETS = NO;
				CODE_SIGN_STYLE = Automatic;
				CURRENT_PROJECT_VERSION = 1;
				DEVELOPMENT_ASSET_PATHS = "\"Liturgnik/Preview Content\"";
				DEVELOPMENT_TEAM = 953L4WCQ6C;
				ENABLE_PREVIEWS = YES;
				GENERATE_INFOPLIST_FILE = YES;
				INFOPLIST_KEY_CFBundleDisplayName = Liturgnik;
				INFOPLIST_KEY_LSApplicationCategoryType = "public.app-category.lifestyle";
				INFOPLIST_KEY_UIApplicationSceneManifest_Generation = YES;
				INFOPLIST_KEY_UIApplicationSupportsIndirectInputEvents = YES;
				INFOPLIST_KEY_UILaunchScreen_Generation = YES;
				INFOPLIST_KEY_UISupportedInterfaceOrientations_iPad = "UIInterfaceOrientationPortrait UIInterfaceOrientationPortraitUpsideDown UIInterfaceOrientationLandscapeLeft UIInterfaceOrientationLandscapeRight";
				INFOPLIST_KEY_UISupportedInterfaceOrientations_iPhone = "UIInterfaceOrientationPortrait UIInterfaceOrientationLandscapeLeft UIInterfaceOrientationLandscapeRight";
				LD_RUNPATH_SEARCH_PATHS = (
					"$(inherited)",
					"@executable_path/Frameworks",
				);
				MARKETING_VERSION = 1.0;
				PRODUCT_BUNDLE_IDENTIFIER = dev.marszalkowski.Liturgnik;
				PRODUCT_NAME = "$(TARGET_NAME)";
				SWIFT_EMIT_LOC_STRINGS = YES;
				SWIFT_VERSION = 5.0;
				TARGETED_DEVICE_FAMILY = "1,2";
			};
			name = Debug;
		};
		F1654EA62B4D4AF1002964BE /* Release */ = {
			isa = XCBuildConfiguration;
			buildSettings = {
				ALWAYS_EMBED_SWIFT_STANDARD_LIBRARIES = YES;
				ASSETCATALOG_COMPILER_APPICON_NAME = AppIcon;
				ASSETCATALOG_COMPILER_GLOBAL_ACCENT_COLOR_NAME = AccentColor;
				ASSETCATALOG_COMPILER_INCLUDE_ALL_APPICON_ASSETS = NO;
				CODE_SIGN_STYLE = Automatic;
				CURRENT_PROJECT_VERSION = 1;
				DEVELOPMENT_ASSET_PATHS = "\"Liturgnik/Preview Content\"";
				DEVELOPMENT_TEAM = 953L4WCQ6C;
				ENABLE_PREVIEWS = YES;
				GENERATE_INFOPLIST_FILE = YES;
				INFOPLIST_KEY_CFBundleDisplayName = Liturgnik;
				INFOPLIST_KEY_LSApplicationCategoryType = "public.app-category.lifestyle";
				INFOPLIST_KEY_UIApplicationSceneManifest_Generation = YES;
				INFOPLIST_KEY_UIApplicationSupportsIndirectInputEvents = YES;
				INFOPLIST_KEY_UILaunchScreen_Generation = YES;
				INFOPLIST_KEY_UISupportedInterfaceOrientations_iPad = "UIInterfaceOrientationPortrait UIInterfaceOrientationPortraitUpsideDown UIInterfaceOrientationLandscapeLeft UIInterfaceOrientationLandscapeRight";
				INFOPLIST_KEY_UISupportedInterfaceOrientations_iPhone = "UIInterfaceOrientationPortrait UIInterfaceOrientationLandscapeLeft UIInterfaceOrientationLandscapeRight";
				LD_RUNPATH_SEARCH_PATHS = (
					"$(inherited)",
					"@executable_path/Frameworks",
				);
				MARKETING_VERSION = 1.0;
				PRODUCT_BUNDLE_IDENTIFIER = dev.marszalkowski.Liturgnik;
				PRODUCT_NAME = "$(TARGET_NAME)";
				SWIFT_EMIT_LOC_STRINGS = YES;
				SWIFT_VERSION = 5.0;
				TARGETED_DEVICE_FAMILY = "1,2";
			};
			name = Release;
		};
		F1654EBD2B4D4B6F002964BE /* Debug */ = {
			isa = XCBuildConfiguration;
			buildSettings = {
				ASSETCATALOG_COMPILER_GLOBAL_ACCENT_COLOR_NAME = AccentColor;
				ASSETCATALOG_COMPILER_WIDGET_BACKGROUND_COLOR_NAME = WidgetBackground;
				CODE_SIGN_STYLE = Automatic;
				CURRENT_PROJECT_VERSION = 1;
				DEVELOPMENT_TEAM = 953L4WCQ6C;
				GENERATE_INFOPLIST_FILE = YES;
				INFOPLIST_FILE = ColorWidget/Info.plist;
				INFOPLIST_KEY_CFBundleDisplayName = ColorWidget;
				INFOPLIST_KEY_NSHumanReadableCopyright = "";
				LD_RUNPATH_SEARCH_PATHS = (
					"$(inherited)",
					"@executable_path/Frameworks",
					"@executable_path/../../Frameworks",
				);
				MARKETING_VERSION = 1.0;
				PRODUCT_BUNDLE_IDENTIFIER = dev.marszalkowski.Liturgnik.ColorWidget;
				PRODUCT_NAME = "$(TARGET_NAME)";
				SKIP_INSTALL = YES;
				SWIFT_EMIT_LOC_STRINGS = YES;
				SWIFT_VERSION = 5.0;
				TARGETED_DEVICE_FAMILY = "1,2";
			};
			name = Debug;
		};
		F1654EBE2B4D4B6F002964BE /* Release */ = {
			isa = XCBuildConfiguration;
			buildSettings = {
				ASSETCATALOG_COMPILER_GLOBAL_ACCENT_COLOR_NAME = AccentColor;
				ASSETCATALOG_COMPILER_WIDGET_BACKGROUND_COLOR_NAME = WidgetBackground;
				CODE_SIGN_STYLE = Automatic;
				CURRENT_PROJECT_VERSION = 1;
				DEVELOPMENT_TEAM = 953L4WCQ6C;
				GENERATE_INFOPLIST_FILE = YES;
				INFOPLIST_FILE = ColorWidget/Info.plist;
				INFOPLIST_KEY_CFBundleDisplayName = ColorWidget;
				INFOPLIST_KEY_NSHumanReadableCopyright = "";
				LD_RUNPATH_SEARCH_PATHS = (
					"$(inherited)",
					"@executable_path/Frameworks",
					"@executable_path/../../Frameworks",
				);
				MARKETING_VERSION = 1.0;
				PRODUCT_BUNDLE_IDENTIFIER = dev.marszalkowski.Liturgnik.ColorWidget;
				PRODUCT_NAME = "$(TARGET_NAME)";
				SKIP_INSTALL = YES;
				SWIFT_EMIT_LOC_STRINGS = YES;
				SWIFT_VERSION = 5.0;
				TARGETED_DEVICE_FAMILY = "1,2";
			};
			name = Release;
		};
		F172CF962B6EC93500569D0C /* Debug */ = {
			isa = XCBuildConfiguration;
			buildSettings = {
				ALWAYS_EMBED_SWIFT_STANDARD_LIBRARIES = YES;
				CODE_SIGN_STYLE = Automatic;
				CURRENT_PROJECT_VERSION = 1;
				DEVELOPMENT_TEAM = 953L4WCQ6C;
				INFOPLIST_KEY_CFBundleDisplayName = LiturgnikWatch;
				MARKETING_VERSION = 1.0;
				PRODUCT_BUNDLE_IDENTIFIER = dev.marszalkowski.LiturgnikWatch;
				PRODUCT_NAME = "$(TARGET_NAME)";
				SWIFT_VERSION = 5.0;
			};
			name = Debug;
		};
		F172CF972B6EC93500569D0C /* Release */ = {
			isa = XCBuildConfiguration;
			buildSettings = {
				ALWAYS_EMBED_SWIFT_STANDARD_LIBRARIES = YES;
				CODE_SIGN_STYLE = Automatic;
				CURRENT_PROJECT_VERSION = 1;
				DEVELOPMENT_TEAM = 953L4WCQ6C;
				INFOPLIST_KEY_CFBundleDisplayName = LiturgnikWatch;
				MARKETING_VERSION = 1.0;
				PRODUCT_BUNDLE_IDENTIFIER = dev.marszalkowski.LiturgnikWatch;
				PRODUCT_NAME = "$(TARGET_NAME)";
				SWIFT_VERSION = 5.0;
			};
			name = Release;
		};
		F172CF992B6EC93500569D0C /* Debug */ = {
			isa = XCBuildConfiguration;
			buildSettings = {
				ASSETCATALOG_COMPILER_APPICON_NAME = AppIcon;
				ASSETCATALOG_COMPILER_GLOBAL_ACCENT_COLOR_NAME = AccentColor;
				CODE_SIGN_STYLE = Automatic;
				CURRENT_PROJECT_VERSION = 1;
				DEVELOPMENT_ASSET_PATHS = "\"LiturgnikWatch Watch App/Preview Content\"";
				DEVELOPMENT_TEAM = 953L4WCQ6C;
				ENABLE_PREVIEWS = YES;
				GENERATE_INFOPLIST_FILE = YES;
				INFOPLIST_KEY_CFBundleDisplayName = LiturgnikWatch;
				INFOPLIST_KEY_UISupportedInterfaceOrientations = "UIInterfaceOrientationPortrait UIInterfaceOrientationPortraitUpsideDown";
				INFOPLIST_KEY_WKWatchOnly = YES;
				LD_RUNPATH_SEARCH_PATHS = (
					"$(inherited)",
					"@executable_path/Frameworks",
				);
				MARKETING_VERSION = 1.0;
				PRODUCT_BUNDLE_IDENTIFIER = dev.marszalkowski.LiturgnikWatch.watchkitapp;
				PRODUCT_NAME = "$(TARGET_NAME)";
				SDKROOT = watchos;
				SKIP_INSTALL = YES;
				SWIFT_EMIT_LOC_STRINGS = YES;
				SWIFT_VERSION = 5.0;
				TARGETED_DEVICE_FAMILY = 4;
				WATCHOS_DEPLOYMENT_TARGET = 10.2;
			};
			name = Debug;
		};
		F172CF9A2B6EC93500569D0C /* Release */ = {
			isa = XCBuildConfiguration;
			buildSettings = {
				ASSETCATALOG_COMPILER_APPICON_NAME = AppIcon;
				ASSETCATALOG_COMPILER_GLOBAL_ACCENT_COLOR_NAME = AccentColor;
				CODE_SIGN_STYLE = Automatic;
				CURRENT_PROJECT_VERSION = 1;
				DEVELOPMENT_ASSET_PATHS = "\"LiturgnikWatch Watch App/Preview Content\"";
				DEVELOPMENT_TEAM = 953L4WCQ6C;
				ENABLE_PREVIEWS = YES;
				GENERATE_INFOPLIST_FILE = YES;
				INFOPLIST_KEY_CFBundleDisplayName = LiturgnikWatch;
				INFOPLIST_KEY_UISupportedInterfaceOrientations = "UIInterfaceOrientationPortrait UIInterfaceOrientationPortraitUpsideDown";
				INFOPLIST_KEY_WKWatchOnly = YES;
				LD_RUNPATH_SEARCH_PATHS = (
					"$(inherited)",
					"@executable_path/Frameworks",
				);
				MARKETING_VERSION = 1.0;
				PRODUCT_BUNDLE_IDENTIFIER = dev.marszalkowski.LiturgnikWatch.watchkitapp;
				PRODUCT_NAME = "$(TARGET_NAME)";
				SDKROOT = watchos;
				SKIP_INSTALL = YES;
				SWIFT_EMIT_LOC_STRINGS = YES;
				SWIFT_VERSION = 5.0;
				TARGETED_DEVICE_FAMILY = 4;
				WATCHOS_DEPLOYMENT_TARGET = 10.2;
			};
			name = Release;
		};
		F1BCEE582B4D55560020D3FF /* Debug */ = {
			isa = XCBuildConfiguration;
			buildSettings = {
				ASSETCATALOG_COMPILER_GLOBAL_ACCENT_COLOR_NAME = AccentColor;
				ASSETCATALOG_COMPILER_WIDGET_BACKGROUND_COLOR_NAME = WidgetBackground;
				CODE_SIGN_STYLE = Automatic;
				CURRENT_PROJECT_VERSION = 1;
				DEVELOPMENT_TEAM = 953L4WCQ6C;
				GENERATE_INFOPLIST_FILE = YES;
				INFOPLIST_FILE = LecturesWidget/Info.plist;
				INFOPLIST_KEY_CFBundleDisplayName = LecturesWidget;
				INFOPLIST_KEY_NSHumanReadableCopyright = "";
				LD_RUNPATH_SEARCH_PATHS = (
					"$(inherited)",
					"@executable_path/Frameworks",
					"@executable_path/../../Frameworks",
				);
				MARKETING_VERSION = 1.0;
				PRODUCT_BUNDLE_IDENTIFIER = dev.marszalkowski.Liturgnik.LecturesWidget;
				PRODUCT_NAME = "$(TARGET_NAME)";
				SKIP_INSTALL = YES;
				SWIFT_EMIT_LOC_STRINGS = YES;
				SWIFT_VERSION = 5.0;
				TARGETED_DEVICE_FAMILY = "1,2";
			};
			name = Debug;
		};
		F1BCEE592B4D55560020D3FF /* Release */ = {
			isa = XCBuildConfiguration;
			buildSettings = {
				ASSETCATALOG_COMPILER_GLOBAL_ACCENT_COLOR_NAME = AccentColor;
				ASSETCATALOG_COMPILER_WIDGET_BACKGROUND_COLOR_NAME = WidgetBackground;
				CODE_SIGN_STYLE = Automatic;
				CURRENT_PROJECT_VERSION = 1;
				DEVELOPMENT_TEAM = 953L4WCQ6C;
				GENERATE_INFOPLIST_FILE = YES;
				INFOPLIST_FILE = LecturesWidget/Info.plist;
				INFOPLIST_KEY_CFBundleDisplayName = LecturesWidget;
				INFOPLIST_KEY_NSHumanReadableCopyright = "";
				LD_RUNPATH_SEARCH_PATHS = (
					"$(inherited)",
					"@executable_path/Frameworks",
					"@executable_path/../../Frameworks",
				);
				MARKETING_VERSION = 1.0;
				PRODUCT_BUNDLE_IDENTIFIER = dev.marszalkowski.Liturgnik.LecturesWidget;
				PRODUCT_NAME = "$(TARGET_NAME)";
				SKIP_INSTALL = YES;
				SWIFT_EMIT_LOC_STRINGS = YES;
				SWIFT_VERSION = 5.0;
				TARGETED_DEVICE_FAMILY = "1,2";
			};
			name = Release;
		};
/* End XCBuildConfiguration section */

/* Begin XCConfigurationList section */
		F120D1742B5013220009F5BB /* Build configuration list for PBXNativeTarget "MszalWidgetExtension" */ = {
			isa = XCConfigurationList;
			buildConfigurations = (
				F120D1722B5013220009F5BB /* Debug */,
				F120D1732B5013220009F5BB /* Release */,
			);
			defaultConfigurationIsVisible = 0;
			defaultConfigurationName = Release;
		};
		F1654E912B4D4AF0002964BE /* Build configuration list for PBXProject "Liturgnik" */ = {
			isa = XCConfigurationList;
			buildConfigurations = (
				F1654EA22B4D4AF1002964BE /* Debug */,
				F1654EA32B4D4AF1002964BE /* Release */,
			);
			defaultConfigurationIsVisible = 0;
			defaultConfigurationName = Release;
		};
		F1654EA42B4D4AF1002964BE /* Build configuration list for PBXNativeTarget "Liturgnik" */ = {
			isa = XCConfigurationList;
			buildConfigurations = (
				F1654EA52B4D4AF1002964BE /* Debug */,
				F1654EA62B4D4AF1002964BE /* Release */,
			);
			defaultConfigurationIsVisible = 0;
			defaultConfigurationName = Release;
		};
		F1654EBC2B4D4B6F002964BE /* Build configuration list for PBXNativeTarget "ColorWidgetExtension" */ = {
			isa = XCConfigurationList;
			buildConfigurations = (
				F1654EBD2B4D4B6F002964BE /* Debug */,
				F1654EBE2B4D4B6F002964BE /* Release */,
			);
			defaultConfigurationIsVisible = 0;
			defaultConfigurationName = Release;
		};
		F172CF9B2B6EC93500569D0C /* Build configuration list for PBXNativeTarget "LiturgnikWatch Watch App" */ = {
			isa = XCConfigurationList;
			buildConfigurations = (
				F172CF992B6EC93500569D0C /* Debug */,
				F172CF9A2B6EC93500569D0C /* Release */,
			);
			defaultConfigurationIsVisible = 0;
			defaultConfigurationName = Release;
		};
		F172CF9C2B6EC93500569D0C /* Build configuration list for PBXNativeTarget "LiturgnikWatch" */ = {
			isa = XCConfigurationList;
			buildConfigurations = (
				F172CF962B6EC93500569D0C /* Debug */,
				F172CF972B6EC93500569D0C /* Release */,
			);
			defaultConfigurationIsVisible = 0;
			defaultConfigurationName = Release;
		};
		F1BCEE572B4D55560020D3FF /* Build configuration list for PBXNativeTarget "LecturesWidgetExtension" */ = {
			isa = XCConfigurationList;
			buildConfigurations = (
				F1BCEE582B4D55560020D3FF /* Debug */,
				F1BCEE592B4D55560020D3FF /* Release */,
			);
			defaultConfigurationIsVisible = 0;
			defaultConfigurationName = Release;
		};
/* End XCConfigurationList section */

/* Begin XCRemoteSwiftPackageReference section */
		F1654EC72B4D4BF8002964BE /* XCRemoteSwiftPackageReference "SwiftSoup" */ = {
			isa = XCRemoteSwiftPackageReference;
			repositoryURL = "https://github.com/scinfu/SwiftSoup";
			requirement = {
				kind = upToNextMajorVersion;
				minimumVersion = 2.7.0;
			};
		};
/* End XCRemoteSwiftPackageReference section */

/* Begin XCSwiftPackageProductDependency section */
		F120D17F2B501C1B0009F5BB /* SwiftSoup */ = {
			isa = XCSwiftPackageProductDependency;
			package = F1654EC72B4D4BF8002964BE /* XCRemoteSwiftPackageReference "SwiftSoup" */;
			productName = SwiftSoup;
		};
		F1654EC82B4D4BF8002964BE /* SwiftSoup */ = {
			isa = XCSwiftPackageProductDependency;
			package = F1654EC72B4D4BF8002964BE /* XCRemoteSwiftPackageReference "SwiftSoup" */;
			productName = SwiftSoup;
		};
		F172CFA72B6EC9CF00569D0C /* SwiftSoup */ = {
			isa = XCSwiftPackageProductDependency;
			package = F1654EC72B4D4BF8002964BE /* XCRemoteSwiftPackageReference "SwiftSoup" */;
			productName = SwiftSoup;
		};
		F1BCEE382B4D51AA0020D3FF /* SwiftSoup */ = {
			isa = XCSwiftPackageProductDependency;
			package = F1654EC72B4D4BF8002964BE /* XCRemoteSwiftPackageReference "SwiftSoup" */;
			productName = SwiftSoup;
		};
		F1BCEE5F2B4D560B0020D3FF /* SwiftSoup */ = {
			isa = XCSwiftPackageProductDependency;
			package = F1654EC72B4D4BF8002964BE /* XCRemoteSwiftPackageReference "SwiftSoup" */;
			productName = SwiftSoup;
		};
/* End XCSwiftPackageProductDependency section */
	};
	rootObject = F1654E8E2B4D4AF0002964BE /* Project object */;
}
